
Microsoft Visual Studio Solution File, Format Version 12.00
# Visual Studio Version 17
VisualStudioVersion = 17.5.002.0
MinimumVisualStudioVersion = 10.0.40219.1
Project("{9A19103F-16F7-4668-BE54-9A1E7A4F7556}") = "marcenaria_dotnet", "marcenaria_dotnet.csproj", "{BCF24751-752D-4E4C-8305-ACC15100E2FD}"
EndProject
Global
	GlobalSection(SolutionConfigurationPlatforms) = preSolution
		Debug|Any CPU = Debug|Any CPU
		Release|Any CPU = Release|Any CPU
	EndGlobalSection
	GlobalSection(ProjectConfigurationPlatforms) = postSolution
		{BCF24751-752D-4E4C-8305-ACC15100E2FD}.Debug|Any CPU.ActiveCfg = Debug|Any CPU
		{BCF24751-752D-4E4C-8305-ACC15100E2FD}.Debug|Any CPU.Build.0 = Debug|Any CPU
		{BCF24751-752D-4E4C-8305-ACC15100E2FD}.Release|Any CPU.ActiveCfg = Release|Any CPU
		{BCF24751-752D-4E4C-8305-ACC15100E2FD}.Release|Any CPU.Build.0 = Release|Any CPU
	EndGlobalSection
	GlobalSection(SolutionProperties) = preSolution
		HideSolutionNode = FALSE
	EndGlobalSection
	GlobalSection(ExtensibilityGlobals) = postSolution
		SolutionGuid = {8E037E81-9C0C-42A2-AF02-C5BDF4780B16}
	EndGlobalSection
EndGlobal
